// !$*UTF8*$!
{
	archiveVersion = 1;
	classes = {
	};
	objectVersion = 56;
	objects = {

/* Begin PBXBuildFile section */
		F360A5742B102A27003AECAA /* amg.mp3 in Resources */ = {isa = PBXBuildFile; fileRef = F360A5732B102A27003AECAA /* amg.mp3 */; };
		F383C75C2B0D700C00D55DB5 /* NavigationStackApp.swift in Sources */ = {isa = PBXBuildFile; fileRef = F383C75B2B0D700C00D55DB5 /* NavigationStackApp.swift */; };
		F383C75E2B0D700C00D55DB5 /* ContentView.swift in Sources */ = {isa = PBXBuildFile; fileRef = F383C75D2B0D700C00D55DB5 /* ContentView.swift */; };
		F383C7602B0D700E00D55DB5 /* Assets.xcassets in Resources */ = {isa = PBXBuildFile; fileRef = F383C75F2B0D700E00D55DB5 /* Assets.xcassets */; };
		F383C7632B0D700E00D55DB5 /* Preview Assets.xcassets in Resources */ = {isa = PBXBuildFile; fileRef = F383C7622B0D700E00D55DB5 /* Preview Assets.xcassets */; };
		F383C76A2B0D714500D55DB5 /* segunda tela.swift in Sources */ = {isa = PBXBuildFile; fileRef = F383C7692B0D714500D55DB5 /* segunda tela.swift */; };
		F383C76C2B0D714E00D55DB5 /* terceira tela.swift in Sources */ = {isa = PBXBuildFile; fileRef = F383C76B2B0D714E00D55DB5 /* terceira tela.swift */; };
		F383C76E2B0D715800D55DB5 /* quarta tela.swift in Sources */ = {isa = PBXBuildFile; fileRef = F383C76D2B0D715800D55DB5 /* quarta tela.swift */; };
/* End PBXBuildFile section */

/* Begin PBXFileReference section */
		F360A5732B102A27003AECAA /* amg.mp3 */ = {isa = PBXFileReference; lastKnownFileType = audio.mp3; name = amg.mp3; path = ../../../../../../Downloads/amg.mp3; sourceTree = "<group>"; };
		F383C7582B0D700C00D55DB5 /* NavigationStack.app */ = {isa = PBXFileReference; explicitFileType = wrapper.application; includeInIndex = 0; path = NavigationStack.app; sourceTree = BUILT_PRODUCTS_DIR; };
		F383C75B2B0D700C00D55DB5 /* NavigationStackApp.swift */ = {isa = PBXFileReference; lastKnownFileType = sourcecode.swift; path = NavigationStackApp.swift; sourceTree = "<group>"; };
		F383C75D2B0D700C00D55DB5 /* ContentView.swift */ = {isa = PBXFileReference; lastKnownFileType = sourcecode.swift; path = ContentView.swift; sourceTree = "<group>"; };
		F383C75F2B0D700E00D55DB5 /* Assets.xcassets */ = {isa = PBXFileReference; lastKnownFileType = folder.assetcatalog; path = Assets.xcassets; sourceTree = "<group>"; };
		F383C7622B0D700E00D55DB5 /* Preview Assets.xcassets */ = {isa = PBXFileReference; lastKnownFileType = folder.assetcatalog; path = "Preview Assets.xcassets"; sourceTree = "<group>"; };
		F383C7692B0D714500D55DB5 /* segunda tela.swift */ = {isa = PBXFileReference; lastKnownFileType = sourcecode.swift; path = "segunda tela.swift"; sourceTree = "<group>"; };
		F383C76B2B0D714E00D55DB5 /* terceira tela.swift */ = {isa = PBXFileReference; lastKnownFileType = sourcecode.swift; path = "terceira tela.swift"; sourceTree = "<group>"; };
		F383C76D2B0D715800D55DB5 /* quarta tela.swift */ = {isa = PBXFileReference; lastKnownFileType = sourcecode.swift; path = "quarta tela.swift"; sourceTree = "<group>"; };
/* End PBXFileReference section */

/* Begin PBXFrameworksBuildPhase section */
		F383C7552B0D700C00D55DB5 /* Frameworks */ = {
			isa = PBXFrameworksBuildPhase;
			buildActionMask = 2147483647;
			files = (
			);
			runOnlyForDeploymentPostprocessing = 0;
		};
/* End PBXFrameworksBuildPhase section */

/* Begin PBXGroup section */
		F383C74F2B0D700C00D55DB5 = {
			isa = PBXGroup;
			children = (
				F383C75A2B0D700C00D55DB5 /* NavigationStack */,
				F383C7592B0D700C00D55DB5 /* Products */,
			);
			sourceTree = "<group>";
		};
		F383C7592B0D700C00D55DB5 /* Products */ = {
			isa = PBXGroup;
			children = (
				F383C7582B0D700C00D55DB5 /* NavigationStack.app */,
			);
			name = Products;
			sourceTree = "<group>";
		};
		F383C75A2B0D700C00D55DB5 /* NavigationStack */ = {
			isa = PBXGroup;
			children = (
				F383C75B2B0D700C00D55DB5 /* NavigationStackApp.swift */,
				F360A5732B102A27003AECAA /* amg.mp3 */,
				F383C75D2B0D700C00D55DB5 /* ContentView.swift */,
				F383C76D2B0D715800D55DB5 /* quarta tela.swift */,
				F383C76B2B0D714E00D55DB5 /* terceira tela.swift */,
				F383C7692B0D714500D55DB5 /* segunda tela.swift */,
				F383C75F2B0D700E00D55DB5 /* Assets.xcassets */,
				F383C7612B0D700E00D55DB5 /* Preview Content */,
			);
			path = NavigationStack;
			sourceTree = "<group>";
		};
		F383C7612B0D700E00D55DB5 /* Preview Content */ = {
			isa = PBXGroup;
			children = (
				F383C7622B0D700E00D55DB5 /* Preview Assets.xcassets */,
			);
			path = "Preview Content";
			sourceTree = "<group>";
		};
/* End PBXGroup section */

/* Begin PBXNativeTarget section */
		F383C7572B0D700C00D55DB5 /* NavigationStack */ = {
			isa = PBXNativeTarget;
			buildConfigurationList = F383C7662B0D700E00D55DB5 /* Build configuration list for PBXNativeTarget "NavigationStack" */;
			buildPhases = (
				F383C7542B0D700C00D55DB5 /* Sources */,
				F383C7552B0D700C00D55DB5 /* Frameworks */,
				F383C7562B0D700C00D55DB5 /* Resources */,
			);
			buildRules = (
			);
			dependencies = (
			);
			name = NavigationStack;
			productName = NavigationStack;
			productReference = F383C7582B0D700C00D55DB5 /* NavigationStack.app */;
			productType = "com.apple.product-type.application";
		};
/* End PBXNativeTarget section */

/* Begin PBXProject section */
		F383C7502B0D700C00D55DB5 /* Project object */ = {
			isa = PBXProject;
			attributes = {
				BuildIndependentTargetsInParallel = 1;
				LastSwiftUpdateCheck = 1420;
				LastUpgradeCheck = 1420;
				TargetAttributes = {
					F383C7572B0D700C00D55DB5 = {
						CreatedOnToolsVersion = 14.2;
					};
				};
			};
			buildConfigurationList = F383C7532B0D700C00D55DB5 /* Build configuration list for PBXProject "NavigationStack" */;
			compatibilityVersion = "Xcode 14.0";
			developmentRegion = en;
			hasScannedForEncodings = 0;
			knownRegions = (
				en,
				Base,
			);
			mainGroup = F383C74F2B0D700C00D55DB5;
			productRefGroup = F383C7592B0D700C00D55DB5 /* Products */;
			projectDirPath = "";
			projectRoot = "";
			targets = (
				F383C7572B0D700C00D55DB5 /* NavigationStack */,
			);
		};
/* End PBXProject section */

/* Begin PBXResourcesBuildPhase section */
		F383C7562B0D700C00D55DB5 /* Resources */ = {
			isa = PBXResourcesBuildPhase;
			buildActionMask = 2147483647;
			files = (
				F383C7632B0D700E00D55DB5 /* Preview Assets.xcassets in Resources */,
				F360A5742B102A27003AECAA /* amg.mp3 in Resources */,
				F383C7602B0D700E00D55DB5 /* Assets.xcassets in Resources */,
			);
			runOnlyForDeploymentPostprocessing = 0;
		};
/* End PBXResourcesBuildPhase section */

/* Begin PBXSourcesBuildPhase section */
		F383C7542B0D700C00D55DB5 /* Sources */ = {
			isa = PBXSourcesBuildPhase;
			buildActionMask = 2147483647;
			files = (
				F383C75E2B0D700C00D55DB5 /* ContentView.swift in Sources */,
				F383C76A2B0D714500D55DB5 /* segunda tela.swift in Sources */,
				F383C76E2B0D715800D55DB5 /* quarta tela.swift in Sources */,
				F383C75C2B0D700C00D55DB5 /* NavigationStackApp.swift in Sources */,
				F383C76C2B0D714E00D55DB5 /* terceira tela.swift in Sources */,
			);
			runOnlyForDeploymentPostprocessing = 0;
		};
/* End PBXSourcesBuildPhase section */

/* Begin XCBuildConfiguration section */
		F383C7642B0D700E00D55DB5 /* Debug */ = {
			isa = XCBuildConfiguration;
			buildSettings = {
				ALWAYS_SEARCH_USER_PATHS = NO;
				CLANG_ANALYZER_NONNULL = YES;
				CLANG_ANALYZER_NUMBER_OBJECT_CONVERSION = YES_AGGRESSIVE;
				CLANG_CXX_LANGUAGE_STANDARD = "gnu++20";
				CLANG_ENABLE_MODULES = YES;
				CLANG_ENABLE_OBJC_ARC = YES;
				CLANG_ENABLE_OBJC_WEAK = YES;
				CLANG_WARN_BLOCK_CAPTURE_AUTORELEASING = YES;
				CLANG_WARN_BOOL_CONVERSION = YES;
				CLANG_WARN_COMMA = YES;
				CLANG_WARN_CONSTANT_CONVERSION = YES;
				CLANG_WARN_DEPRECATED_OBJC_IMPLEMENTATIONS = YES;
				CLANG_WARN_DIRECT_OBJC_ISA_USAGE = YES_ERROR;
				CLANG_WARN_DOCUMENTATION_COMMENTS = YES;
				CLANG_WARN_EMPTY_BODY = YES;
				CLANG_WARN_ENUM_CONVERSION = YES;
				CLANG_WARN_INFINITE_RECURSION = YES;
				CLANG_WARN_INT_CONVERSION = YES;
				CLANG_WARN_NON_LITERAL_NULL_CONVERSION = YES;
				CLANG_WARN_OBJC_IMPLICIT_RETAIN_SELF = YES;
				CLANG_WARN_OBJC_LITERAL_CONVERSION = YES;
				CLANG_WARN_OBJC_ROOT_CLASS = YES_ERROR;
				CLANG_WARN_QUOTED_INCLUDE_IN_FRAMEWORK_HEADER = YES;
				CLANG_WARN_RANGE_LOOP_ANALYSIS = YES;
				CLANG_WARN_STRICT_PROTOTYPES = YES;
				CLANG_WARN_SUSPICIOUS_MOVE = YES;
				CLANG_WARN_UNGUARDED_AVAILABILITY = YES_AGGRESSIVE;
				CLANG_WARN_UNREACHABLE_CODE = YES;
				CLANG_WARN__DUPLICATE_METHOD_MATCH = YES;
				COPY_PHASE_STRIP = NO;
				DEBUG_INFORMATION_FORMAT = dwarf;
				ENABLE_STRICT_OBJC_MSGSEND = YES;
				ENABLE_TESTABILITY = YES;
				GCC_C_LANGUAGE_STANDARD = gnu11;
				GCC_DYNAMIC_NO_PIC = NO;
				GCC_NO_COMMON_BLOCKS = YES;
				GCC_OPTIMIZATION_LEVEL = 0;
				GCC_PREPROCESSOR_DEFINITIONS = (
					"DEBUG=1",
					"$(inherited)",
				);
				GCC_WARN_64_TO_32_BIT_CONVERSION = YES;
				GCC_WARN_ABOUT_RETURN_TYPE = YES_ERROR;
				GCC_WARN_UNDECLARED_SELECTOR = YES;
				GCC_WARN_UNINITIALIZED_AUTOS = YES_AGGRESSIVE;
				GCC_WARN_UNUSED_FUNCTION = YES;
				GCC_WARN_UNUSED_VARIABLE = YES;
				IPHONEOS_DEPLOYMENT_TARGET = 16.2;
				MTL_ENABLE_DEBUG_INFO = INCLUDE_SOURCE;
				MTL_FAST_MATH = YES;
				ONLY_ACTIVE_ARCH = YES;
				SDKROOT = iphoneos;
				SWIFT_ACTIVE_COMPILATION_CONDITIONS = DEBUG;
				SWIFT_OPTIMIZATION_LEVEL = "-Onone";
			};
			name = Debug;
		};
		F383C7652B0D700E00D55DB5 /* Release */ = {
			isa = XCBuildConfiguration;
			buildSettings = {
				ALWAYS_SEARCH_USER_PATHS = NO;
				CLANG_ANALYZER_NONNULL = YES;
				CLANG_ANALYZER_NUMBER_OBJECT_CONVERSION = YES_AGGRESSIVE;
				CLANG_CXX_LANGUAGE_STANDARD = "gnu++20";
				CLANG_ENABLE_MODULES = YES;
				CLANG_ENABLE_OBJC_ARC = YES;
				CLANG_ENABLE_OBJC_WEAK = YES;
				CLANG_WARN_BLOCK_CAPTURE_AUTORELEASING = YES;
				CLANG_WARN_BOOL_CONVERSION = YES;
				CLANG_WARN_COMMA = YES;
				CLANG_WARN_CONSTANT_CONVERSION = YES;
				CLANG_WARN_DEPRECATED_OBJC_IMPLEMENTATIONS = YES;
				CLANG_WARN_DIRECT_OBJC_ISA_USAGE = YES_ERROR;
				CLANG_WARN_DOCUMENTATION_COMMENTS = YES;
				CLANG_WARN_EMPTY_BODY = YES;
				CLANG_WARN_ENUM_CONVERSION = YES;
				CLANG_WARN_INFINITE_RECURSION = YES;
				CLANG_WARN_INT_CONVERSION = YES;
				CLANG_WARN_NON_LITERAL_NULL_CONVERSION = YES;
				CLANG_WARN_OBJC_IMPLICIT_RETAIN_SELF = YES;
				CLANG_WARN_OBJC_LITERAL_CONVERSION = YES;
				CLANG_WARN_OBJC_ROOT_CLASS = YES_ERROR;
				CLANG_WARN_QUOTED_INCLUDE_IN_FRAMEWORK_HEADER = YES;
				CLANG_WARN_RANGE_LOOP_ANALYSIS = YES;
				CLANG_WARN_STRICT_PROTOTYPES = YES;
				CLANG_WARN_SUSPICIOUS_MOVE = YES;
				CLANG_WARN_UNGUARDED_AVAILABILITY = YES_AGGRESSIVE;
				CLANG_WARN_UNREACHABLE_CODE = YES;
				CLANG_WARN__DUPLICATE_METHOD_MATCH = YES;
				COPY_PHASE_STRIP = NO;
				DEBUG_INFORMATION_FORMAT = "dwarf-with-dsym";
				ENABLE_NS_ASSERTIONS = NO;
				ENABLE_STRICT_OBJC_MSGSEND = YES;
				GCC_C_LANGUAGE_STANDARD = gnu11;
				GCC_NO_COMMON_BLOCKS = YES;
				GCC_WARN_64_TO_32_BIT_CONVERSION = YES;
				GCC_WARN_ABOUT_RETURN_TYPE = YES_ERROR;
				GCC_WARN_UNDECLARED_SELECTOR = YES;
				GCC_WARN_UNINITIALIZED_AUTOS = YES_AGGRESSIVE;
				GCC_WARN_UNUSED_FUNCTION = YES;
				GCC_WARN_UNUSED_VARIABLE = YES;
				IPHONEOS_DEPLOYMENT_TARGET = 16.2;
				MTL_ENABLE_DEBUG_INFO = NO;
				MTL_FAST_MATH = YES;
				SDKROOT = iphoneos;
				SWIFT_COMPILATION_MODE = wholemodule;
				SWIFT_OPTIMIZATION_LEVEL = "-O";
				VALIDATE_PRODUCT = YES;
			};
			name = Release;
		};
		F383C7672B0D700E00D55DB5 /* Debug */ = {
			isa = XCBuildConfiguration;
			buildSettings = {
				ASSETCATALOG_COMPILER_APPICON_NAME = AppIcon;
				ASSETCATALOG_COMPILER_GLOBAL_ACCENT_COLOR_NAME = AccentColor;
				CODE_SIGN_STYLE = Automatic;
				CURRENT_PROJECT_VERSION = 1;
				DEVELOPMENT_ASSET_PATHS = "\"NavigationStack/Preview Content\"";
				ENABLE_PREVIEWS = YES;
				GENERATE_INFOPLIST_FILE = YES;
				INFOPLIST_KEY_UIApplicationSceneManifest_Generation = YES;
				INFOPLIST_KEY_UIApplicationSupportsIndirectInputEvents = YES;
				INFOPLIST_KEY_UILaunchScreen_Generation = YES;
				INFOPLIST_KEY_UISupportedInterfaceOrientations_iPad = "UIInterfaceOrientationPortrait UIInterfaceOrientationPortraitUpsideDown UIInterfaceOrientationLandscapeLeft UIInterfaceOrientationLandscapeRight";
				INFOPLIST_KEY_UISupportedInterfaceOrientations_iPhone = "UIInterfaceOrientationPortrait UIInterfaceOrientationLandscapeLeft UIInterfaceOrientationLandscapeRight";
				LD_RUNPATH_SEARCH_PATHS = (
					"$(inherited)",
					"@executable_path/Frameworks",
				);
				MARKETING_VERSION = 1.0;
				PRODUCT_BUNDLE_IDENTIFIER = LucasMota.NavigationStack;
				PRODUCT_NAME = "$(TARGET_NAME)";
				SWIFT_EMIT_LOC_STRINGS = YES;
				SWIFT_VERSION = 5.0;
				TARGETED_DEVICE_FAMILY = "1,2";
			};
			name = Debug;
		};
		F383C7682B0D700E00D55DB5 /* Release */ = {
			isa = XCBuildConfiguration;
			buildSettings = {
				ASSETCATALOG_COMPILER_APPICON_NAME = AppIcon;
				ASSETCATALOG_COMPILER_GLOBAL_ACCENT_COLOR_NAME = AccentColor;
				CODE_SIGN_STYLE = Automatic;
				CURRENT_PROJECT_VERSION = 1;
				DEVELOPMENT_ASSET_PATHS = "\"NavigationStack/Preview Content\"";
				ENABLE_PREVIEWS = YES;
				GENERATE_INFOPLIST_FILE = YES;
				INFOPLIST_KEY_UIApplicationSceneManifest_Generation = YES;
				INFOPLIST_KEY_UIApplicationSupportsIndirectInputEvents = YES;
				INFOPLIST_KEY_UILaunchScreen_Generation = YES;
				INFOPLIST_KEY_UISupportedInterfaceOrientations_iPad = "UIInterfaceOrientationPortrait UIInterfaceOrientationPortraitUpsideDown UIInterfaceOrientationLandscapeLeft UIInterfaceOrientationLandscapeRight";
				INFOPLIST_KEY_UISupportedInterfaceOrientations_iPhone = "UIInterfaceOrientationPortrait UIInterfaceOrientationLandscapeLeft UIInterfaceOrientationLandscapeRight";
				LD_RUNPATH_SEARCH_PATHS = (
					"$(inherited)",
					"@executable_path/Frameworks",
				);
				MARKETING_VERSION = 1.0;
				PRODUCT_BUNDLE_IDENTIFIER = LucasMota.NavigationStack;
				PRODUCT_NAME = "$(TARGET_NAME)";
				SWIFT_EMIT_LOC_STRINGS = YES;
				SWIFT_VERSION = 5.0;
				TARGETED_DEVICE_FAMILY = "1,2";
			};
			name = Release;
		};
/* End XCBuildConfiguration section */

/* Begin XCConfigurationList section */
		F383C7532B0D700C00D55DB5 /* Build configuration list for PBXProject "NavigationStack" */ = {
			isa = XCConfigurationList;
			buildConfigurations = (
				F383C7642B0D700E00D55DB5 /* Debug */,
				F383C7652B0D700E00D55DB5 /* Release */,
			);
			defaultConfigurationIsVisible = 0;
			defaultConfigurationName = Release;
		};
		F383C7662B0D700E00D55DB5 /* Build configuration list for PBXNativeTarget "NavigationStack" */ = {
			isa = XCConfigurationList;
			buildConfigurations = (
				F383C7672B0D700E00D55DB5 /* Debug */,
				F383C7682B0D700E00D55DB5 /* Release */,
			);
			defaultConfigurationIsVisible = 0;
			defaultConfigurationName = Release;
		};
/* End XCConfigurationList section */
	};
	rootObject = F383C7502B0D700C00D55DB5 /* Project object */;
}
